
Microsoft Visual Studio Solution File, Format Version 12.00
# Visual Studio 15
Project("{FAE04EC0-301F-11D3-BF4B-00C04F79EFBC}") = "CSharp6.0Samples", "CSharp6.0Samples\CSharp6.0Samples.csproj", "{E818BCC8-4D76-45E4-A18D-228014D514F0}"
EndProject
Project("{2150E333-8FDC-42A3-9474-1A3956D46DE8}") = "Solution Items", "Solution Items", "{1BCCEE52-38FB-4229-B4D9-50DDE60B06FD}"
	ProjectSection(SolutionItems) = preProject
		GeneralCSharpConcepts-Fields.md = GeneralCSharpConcepts-Fields.md
		Constants.md = Constants.md
		MutableAndImmutableTypes.md = MutableAndImmutableTypes.md
		DotNetFrameworkRoadmap.html = DotNetFrameworkRoadmap.html
		A.SDKVsRunTime.md = A.SDKVsRunTime.md
		C.BasicDotNetConcepts.md = C.BasicDotNetConcepts.md
		DeveloperRoleClassification.md = DeveloperRoleClassification.md
		DotNET5.md = DotNET5.md
		DotNETvs.NETCorevs.NETStd.md = DotNETvs.NETCorevs.NETStd.md
		B.DotNetRoadmap-FuturePlan.md = B.DotNetRoadmap-FuturePlan.md
		DotNETFrameworkVersions&Roadmap.html = DotNETFrameworkVersions&Roadmap.html
		1.AsynchronousProgramming.md = 1.AsynchronousProgramming.md
	EndProjectSection
EndProject
Project("{FAE04EC0-301F-11D3-BF4B-00C04F79EFBC}") = "CSharp8.0", "CSharp8.0\CSharp8.0.csproj", "{3B896D69-8AA0-489B-9FC6-B39EB16AD018}"
EndProject
Project("{FAE04EC0-301F-11D3-BF4B-00C04F79EFBC}") = "CSharp7.0", "CSharp\CSharp7.0.csproj", "{CDC9F4FE-ECA2-464C-B786-045F94333230}"
EndProject
Project("{FAE04EC0-301F-11D3-BF4B-00C04F79EFBC}") = "CSharp9.0", "CSharp9.0\CSharp9.0.csproj", "{D8BA13DD-4388-467E-804B-3B4AB755CBBE}"
EndProject
Global
	GlobalSection(SolutionConfigurationPlatforms) = preSolution
		Debug|anycpu = Debug|anycpu
		Release|anycpu = Release|anycpu
	EndGlobalSection
	GlobalSection(ProjectConfigurationPlatforms) = postSolution
		{E818BCC8-4D76-45E4-A18D-228014D514F0}.Debug|anycpu.ActiveCfg = Debug|Any CPU
		{E818BCC8-4D76-45E4-A18D-228014D514F0}.Debug|anycpu.Build.0 = Debug|Any CPU
		{E818BCC8-4D76-45E4-A18D-228014D514F0}.Release|anycpu.ActiveCfg = Release|Any CPU
		{E818BCC8-4D76-45E4-A18D-228014D514F0}.Release|anycpu.Build.0 = Release|Any CPU
		{3B896D69-8AA0-489B-9FC6-B39EB16AD018}.Debug|anycpu.ActiveCfg = Debug|Any CPU
		{3B896D69-8AA0-489B-9FC6-B39EB16AD018}.Debug|anycpu.Build.0 = Debug|Any CPU
		{3B896D69-8AA0-489B-9FC6-B39EB16AD018}.Release|anycpu.ActiveCfg = Release|Any CPU
		{3B896D69-8AA0-489B-9FC6-B39EB16AD018}.Release|anycpu.Build.0 = Release|Any CPU
		{CDC9F4FE-ECA2-464C-B786-045F94333230}.Debug|anycpu.ActiveCfg = Debug|anycpu
		{CDC9F4FE-ECA2-464C-B786-045F94333230}.Debug|anycpu.Build.0 = Debug|anycpu
		{CDC9F4FE-ECA2-464C-B786-045F94333230}.Release|anycpu.ActiveCfg = Release|anycpu
		{CDC9F4FE-ECA2-464C-B786-045F94333230}.Release|anycpu.Build.0 = Release|anycpu
		{D8BA13DD-4388-467E-804B-3B4AB755CBBE}.Debug|anycpu.ActiveCfg = Debug|Any CPU
		{D8BA13DD-4388-467E-804B-3B4AB755CBBE}.Debug|anycpu.Build.0 = Debug|Any CPU
		{D8BA13DD-4388-467E-804B-3B4AB755CBBE}.Release|anycpu.ActiveCfg = Release|Any CPU
		{D8BA13DD-4388-467E-804B-3B4AB755CBBE}.Release|anycpu.Build.0 = Release|Any CPU
	EndGlobalSection
EndGlobal
